
Microsoft Visual Studio Solution File, Format Version 12.00
# Visual Studio Version 17
VisualStudioVersion = 17.14.36221.1
MinimumVisualStudioVersion = 10.0.40219.1
Project("{FAE04EC0-301F-11D3-BF4B-00C04F79EFBC}") = "DataAccess", "DataAccess\DataAccess.csproj", "{5F348230-1922-41DC-8D0D-8414426B204C}"
EndProject
Project("{FAE04EC0-301F-11D3-BF4B-00C04F79EFBC}") = "Business", "Business\Business.csproj", "{4F63B649-39F5-42C4-AE4A-BE8DBD1F3A10}"
EndProject
Project("{FAE04EC0-301F-11D3-BF4B-00C04F79EFBC}") = "Entities", "Entities\Entities.csproj", "{E5E6873D-3EEA-41D2-9172-38050D16E918}"
EndProject
Project("{FAE04EC0-301F-11D3-BF4B-00C04F79EFBC}") = "ConsoleApp1", "ConsoleApp1\ConsoleApp1.csproj", "{77317A55-55B1-4766-B611-CD3707CF7B67}"
EndProject
Project("{FAE04EC0-301F-11D3-BF4B-00C04F79EFBC}") = "ConsoleApp2", "ConsoleApp2\ConsoleApp2.csproj", "{CCEAF932-A3BA-4239-865B-8F4FE5289083}"
EndProject
Global
	GlobalSection(SolutionConfigurationPlatforms) = preSolution
		Debug|Any CPU = Debug|Any CPU
		Release|Any CPU = Release|Any CPU
	EndGlobalSection
	GlobalSection(ProjectConfigurationPlatforms) = postSolution
		{5F348230-1922-41DC-8D0D-8414426B204C}.Debug|Any CPU.ActiveCfg = Debug|Any CPU
		{5F348230-1922-41DC-8D0D-8414426B204C}.Debug|Any CPU.Build.0 = Debug|Any CPU
		{5F348230-1922-41DC-8D0D-8414426B204C}.Release|Any CPU.ActiveCfg = Release|Any CPU
		{5F348230-1922-41DC-8D0D-8414426B204C}.Release|Any CPU.Build.0 = Release|Any CPU
		{4F63B649-39F5-42C4-AE4A-BE8DBD1F3A10}.Debug|Any CPU.ActiveCfg = Debug|Any CPU
		{4F63B649-39F5-42C4-AE4A-BE8DBD1F3A10}.Debug|Any CPU.Build.0 = Debug|Any CPU
		{4F63B649-39F5-42C4-AE4A-BE8DBD1F3A10}.Release|Any CPU.ActiveCfg = Release|Any CPU
		{4F63B649-39F5-42C4-AE4A-BE8DBD1F3A10}.Release|Any CPU.Build.0 = Release|Any CPU
		{E5E6873D-3EEA-41D2-9172-38050D16E918}.Debug|Any CPU.ActiveCfg = Debug|Any CPU
		{E5E6873D-3EEA-41D2-9172-38050D16E918}.Debug|Any CPU.Build.0 = Debug|Any CPU
		{E5E6873D-3EEA-41D2-9172-38050D16E918}.Release|Any CPU.ActiveCfg = Release|Any CPU
		{E5E6873D-3EEA-41D2-9172-38050D16E918}.Release|Any CPU.Build.0 = Release|Any CPU
		{77317A55-55B1-4766-B611-CD3707CF7B67}.Debug|Any CPU.ActiveCfg = Debug|Any CPU
		{77317A55-55B1-4766-B611-CD3707CF7B67}.Debug|Any CPU.Build.0 = Debug|Any CPU
		{77317A55-55B1-4766-B611-CD3707CF7B67}.Release|Any CPU.ActiveCfg = Release|Any CPU
		{77317A55-55B1-4766-B611-CD3707CF7B67}.Release|Any CPU.Build.0 = Release|Any CPU
		{CCEAF932-A3BA-4239-865B-8F4FE5289083}.Debug|Any CPU.ActiveCfg = Debug|Any CPU
		{CCEAF932-A3BA-4239-865B-8F4FE5289083}.Debug|Any CPU.Build.0 = Debug|Any CPU
		{CCEAF932-A3BA-4239-865B-8F4FE5289083}.Release|Any CPU.ActiveCfg = Release|Any CPU
		{CCEAF932-A3BA-4239-865B-8F4FE5289083}.Release|Any CPU.Build.0 = Release|Any CPU
	EndGlobalSection
	GlobalSection(SolutionProperties) = preSolution
		HideSolutionNode = FALSE
	EndGlobalSection
	GlobalSection(ExtensibilityGlobals) = postSolution
		SolutionGuid = {7D75B5B7-01DE-46A0-85E3-BD5BFB8BE2BA}
	EndGlobalSection
EndGlobal
